
Microsoft Visual Studio Solution File, Format Version 12.00
# Visual Studio Version 16
VisualStudioVersion = 16.0.30204.135
MinimumVisualStudioVersion = 10.0.40219.1
Project("{FAE04EC0-301F-11D3-BF4B-00C04F79EFBC}") = "kitchencli", "kitchencli\kitchencli.csproj", "{B9D82C89-496F-489A-AC3D-6697135CFCBC}"
EndProject
Project("{FAE04EC0-301F-11D3-BF4B-00C04F79EFBC}") = "unittests", "unittests\unittests.csproj", "{AFF9E076-319F-4947-BF18-3B7F5C19DB92}"
EndProject
Global
	GlobalSection(SolutionConfigurationPlatforms) = preSolution
		Debug|Any CPU = Debug|Any CPU
		Release|Any CPU = Release|Any CPU
	EndGlobalSection
	GlobalSection(ProjectConfigurationPlatforms) = postSolution
		{B9D82C89-496F-489A-AC3D-6697135CFCBC}.Debug|Any CPU.ActiveCfg = Debug|Any CPU
		{B9D82C89-496F-489A-AC3D-6697135CFCBC}.Debug|Any CPU.Build.0 = Debug|Any CPU
		{B9D82C89-496F-489A-AC3D-6697135CFCBC}.Release|Any CPU.ActiveCfg = Release|Any CPU
		{B9D82C89-496F-489A-AC3D-6697135CFCBC}.Release|Any CPU.Build.0 = Release|Any CPU
		{AFF9E076-319F-4947-BF18-3B7F5C19DB92}.Debug|Any CPU.ActiveCfg = Debug|Any CPU
		{AFF9E076-319F-4947-BF18-3B7F5C19DB92}.Debug|Any CPU.Build.0 = Debug|Any CPU
		{AFF9E076-319F-4947-BF18-3B7F5C19DB92}.Release|Any CPU.ActiveCfg = Release|Any CPU
		{AFF9E076-319F-4947-BF18-3B7F5C19DB92}.Release|Any CPU.Build.0 = Release|Any CPU
	EndGlobalSection
	GlobalSection(SolutionProperties) = preSolution
		HideSolutionNode = FALSE
	EndGlobalSection
	GlobalSection(ExtensibilityGlobals) = postSolution
		SolutionGuid = {BBD08DDC-D296-4ECB-9852-7B8F9ECD0FDC}
	EndGlobalSection
EndGlobal
